
Microsoft Visual Studio Solution File, Format Version 12.00
# Visual Studio Version 16
VisualStudioVersion = 16.0.31402.337
MinimumVisualStudioVersion = 10.0.40219.1
Project("{FAE04EC0-301F-11D3-BF4B-00C04F79EFBC}") = "eight_queens puzzle", "eight_queens puzzle\eight_queens puzzle.csproj", "{EAD2BCAF-4045-4796-9751-55CF88A3782C}"
EndProject
Global
	GlobalSection(SolutionConfigurationPlatforms) = preSolution
		Debug|Any CPU = Debug|Any CPU
		Release|Any CPU = Release|Any CPU
	EndGlobalSection
	GlobalSection(ProjectConfigurationPlatforms) = postSolution
		{EAD2BCAF-4045-4796-9751-55CF88A3782C}.Debug|Any CPU.ActiveCfg = Debug|Any CPU
		{EAD2BCAF-4045-4796-9751-55CF88A3782C}.Debug|Any CPU.Build.0 = Debug|Any CPU
		{EAD2BCAF-4045-4796-9751-55CF88A3782C}.Release|Any CPU.ActiveCfg = Release|Any CPU
		{EAD2BCAF-4045-4796-9751-55CF88A3782C}.Release|Any CPU.Build.0 = Release|Any CPU
	EndGlobalSection
	GlobalSection(SolutionProperties) = preSolution
		HideSolutionNode = FALSE
	EndGlobalSection
	GlobalSection(ExtensibilityGlobals) = postSolution
		SolutionGuid = {701E54D6-2205-457E-B8FF-BCA9CE4D4B47}
	EndGlobalSection
EndGlobal
